PODS:
  - Alamofire (4.6.0)
  - BNHtmlPdfKit (0.5.0)
  - Bolts (1.9.0):
    - Bolts/AppLinks (= 1.9.0)
    - Bolts/Tasks (= 1.9.0)
  - Bolts/AppLinks (1.9.0):
    - Bolts/Tasks
  - Bolts/Tasks (1.9.0)
  - CCBottomRefreshControl (0.5.2)
  - Charts (3.2.2):
    - Charts/Core (= 3.2.2)
  - Charts/Core (3.2.2)
  - eWAYPaymentsSDK (1.1.0)
  - FFCircularProgressView (0.5)
  - Firebase/CoreOnly (6.16.0):
    - FirebaseCore (= 6.6.1)
  - Firebase/Crashlytics (6.16.0):
    - Firebase/CoreOnly
    - FirebaseCrashlytics (~> 4.0.0-beta.2)
  - FirebaseAnalyticsInterop (1.5.0)
  - FirebaseCore (6.6.1):
    - FirebaseCoreDiagnostics (~> 1.2)
    - FirebaseCoreDiagnosticsInterop (~> 1.2)
    - GoogleUtilities/Environment (~> 6.5)
    - GoogleUtilities/Logger (~> 6.5)
  - FirebaseCoreDiagnostics (1.2.0):
    - FirebaseCoreDiagnosticsInterop (~> 1.2)
    - GoogleDataTransportCCTSupport (~> 1.3)
    - GoogleUtilities/Environment (~> 6.5)
    - GoogleUtilities/Logger (~> 6.5)
    - nanopb (~> 0.3.901)
  - FirebaseCoreDiagnosticsInterop (1.2.0)
  - FirebaseCrashlytics (4.0.0-beta.3):
    - FirebaseAnalyticsInterop (~> 1.2)
    - FirebaseCore (~> 6.6)
    - FirebaseInstanceID (~> 4.3)
    - PromisesObjC (~> 1.2)
  - FirebaseInstallations (1.1.0):
    - FirebaseCore (~> 6.6)
    - GoogleUtilities/UserDefaults (~> 6.5)
    - PromisesObjC (~> 1.2)
  - FirebaseInstanceID (4.3.0):
    - FirebaseCore (~> 6.6)
    - FirebaseInstallations (~> 1.0)
    - GoogleUtilities/Environment (~> 6.5)
    - GoogleUtilities/UserDefaults (~> 6.5)
  - GoogleDataTransport (3.3.1)
  - GoogleDataTransportCCTSupport (1.3.1):
    - GoogleDataTransport (~> 3.3)
    - nanopb (~> 0.3.901)
  - GoogleMaps (2.6.0):
    - GoogleMaps/Maps (= 2.6.0)
  - GoogleMaps/Base (2.6.0)
  - GoogleMaps/Maps (2.6.0):
    - GoogleMaps/Base
  - GooglePlacePicker (2.6.0):
    - GoogleMaps (= 2.6.0)
    - GooglePlaces (= 2.6.0)
  - GooglePlaces (2.6.0):
    - GoogleMaps/Base (= 2.6.0)
  - GoogleUtilities/Environment (6.5.1)
  - GoogleUtilities/Logger (6.5.1):
    - GoogleUtilities/Environment
  - GoogleUtilities/UserDefaults (6.5.1):
    - GoogleUtilities/Logger
  - IBAnimatable (5.2.1)
  - MBCircularProgressBar (0.3.5)
  - nanopb (0.3.9011):
    - nanopb/decode (= 0.3.9011)
    - nanopb/encode (= 0.3.9011)
  - nanopb/decode (0.3.9011)
  - nanopb/encode (0.3.9011)
  - PromisesObjC (1.2.8)
  - QBImagePickerController (3.4.0)
  - ReachabilitySwift (4.1.0)
  - RSBarcodes_Swift (4.2.1)
  - SDWebImage (4.3.0):
    - SDWebImage/Core (= 4.3.0)
  - SDWebImage/Core (4.3.0)
  - SSZipArchive (2.1.1)
  - TTTAttributedLabel (2.0.0)
  - TYAttributedLabel (2.6.6)
  - XLPagerTabStrip (8.1.1)

DEPENDENCIES:
  - Alamofire
  - BNHtmlPdfKit (from `https://github.com/brentnycum/BNHtmlPdfKit`)
  - Bolts
  - CCBottomRefreshControl
  - Charts
  - eWAYPaymentsSDK
  - FFCircularProgressView
  - Firebase/Crashlytics
  - GoogleMaps
  - GooglePlacePicker
  - GooglePlaces
  - IBAnimatable
  - MBCircularProgressBar
  - QBImagePickerController
  - ReachabilitySwift
  - RSBarcodes_Swift (~> 4.2.1)
  - SDWebImage
  - SSZipArchive
  - TTTAttributedLabel
  - TYAttributedLabel (~> 2.6.2)
  - XLPagerTabStrip (~> 8.1)

SPEC REPOS:
  https://github.com/CocoaPods/Specs.git:
    - Alamofire
    - Bolts
    - CCBottomRefreshControl
    - Charts
    - eWAYPaymentsSDK
    - FFCircularProgressView
    - Firebase
    - FirebaseAnalyticsInterop
    - FirebaseCore
    - FirebaseCoreDiagnostics
    - FirebaseCoreDiagnosticsInterop
    - FirebaseCrashlytics
    - FirebaseInstallations
    - FirebaseInstanceID
    - GoogleDataTransport
    - GoogleDataTransportCCTSupport
    - GoogleMaps
    - GooglePlacePicker
    - GooglePlaces
    - GoogleUtilities
    - IBAnimatable
    - MBCircularProgressBar
    - nanopb
    - PromisesObjC
    - QBImagePickerController
    - ReachabilitySwift
    - RSBarcodes_Swift
    - SDWebImage
    - SSZipArchive
    - TTTAttributedLabel
    - TYAttributedLabel
    - XLPagerTabStrip

EXTERNAL SOURCES:
  BNHtmlPdfKit:
    :git: https://github.com/brentnycum/BNHtmlPdfKit

CHECKOUT OPTIONS:
  BNHtmlPdfKit:
    :commit: f68e54bb0bed047306a7c25ff42ed95c689ea921
    :git: https://github.com/brentnycum/BNHtmlPdfKit

SPEC CHECKSUMS:
  Alamofire: f41a599bd63041760b26d393ec1069d9d7b917f4
  BNHtmlPdfKit: 566b27d1c802ade48ed042abafdc16aeb5ddc4e1
  Bolts: ac6567323eac61e203f6a9763667d0f711be34c8
  CCBottomRefreshControl: 389780b4488321c91d18f66a6da5ef9606df6de5
  Charts: f69cf0518b6d1d62608ca504248f1bbe0b6ae77e
  eWAYPaymentsSDK: d0cb78895acae95abd274ebafff9658c7e70cde0
  FFCircularProgressView: 683a4ab1e1bd613246a3dffa61503ffdebcde8d8
  Firebase: 497158b816d0a86fc31babbd05546fcd7e6083ff
  FirebaseAnalyticsInterop: 3f86269c38ae41f47afeb43ebf32a001f58fcdae
  FirebaseCore: 85064903ed6c28e47fec9c7bd149d94ba1b6b6e7
  FirebaseCoreDiagnostics: 5e78803ab276bc5b50340e3c539c06c3de35c649
  FirebaseCoreDiagnosticsInterop: 296e2c5f5314500a850ad0b83e9e7c10b011a850
  FirebaseCrashlytics: 81ac4950302353dc6b5f8d5cc287397725b54c97
  FirebaseInstallations: 575cd32f2aec0feeb0e44f5d0110a09e5e60b47b
  FirebaseInstanceID: 6668efc1655a4052c083f287a7141f1ead12f9c2
  GoogleDataTransport: 0048df6388dab1c254799f2a30365b1dffe20422
  GoogleDataTransportCCTSupport: f880d70972efa2ed1be4e9173a0f4c5f3dc2d176
  GoogleMaps: 42f91c68b7fa2f84d5c86597b18ceb99f5414c7f
  GooglePlacePicker: 8867e52efa9714795be547d4d5947f9fe02c4c5e
  GooglePlaces: f6ddf33b75cef69e888907d9947c57198ed845f3
  GoogleUtilities: 06eb53bb579efe7099152735900dd04bf09e7275
  IBAnimatable: a46b835ec6875178516cf7e014a40194d6bfa3fc
  MBCircularProgressBar: 0b795b722a5eb5b0923822f90474e2576a1a7855
  nanopb: 18003b5e52dab79db540fe93fe9579f399bd1ccd
  PromisesObjC: c119f3cd559f50b7ae681fa59dc1acd19173b7e6
  QBImagePickerController: d54cf93db6decf26baf6ed3472f336ef35cae022
  ReachabilitySwift: 6849231cd4e06559f3b9ef4a97a0a0f96d41e09f
  RSBarcodes_Swift: c58d107e6d2149cc34a23f02828d400dbb708101
  SDWebImage: 6da6c8bca115addc4de8613362e1b15f66333825
  SSZipArchive: 14401ade5f8e82aba1ff03e9f88e9de60937ae60
  TTTAttributedLabel: 8cffe8e127e4e82ff3af1e5386d4cd0ad000b656
  TYAttributedLabel: cb8fc910d97eb5224936d4f692a78e042af691b2
  XLPagerTabStrip: 63166e21c9844fa30f2d95d30f335e73be5caf22

PODFILE CHECKSUM: 1de819c35158b065c805d139d6604f5a5cffa2e4

COCOAPODS: 1.8.4
